
Microsoft Visual Studio Solution File, Format Version 12.00
# Visual Studio Version 17
VisualStudioVersion = 17.11.35222.181
MinimumVisualStudioVersion = 10.0.40219.1
Project("{FAE04EC0-301F-11D3-BF4B-00C04F79EFBC}") = "ITIFinalProject", "ITIFinalProject\ITIFinalProject.csproj", "{EC185197-D8D1-4B30-A1A7-A5AC73668AD1}"
EndProject
Global
	GlobalSection(SolutionConfigurationPlatforms) = preSolution
		Debug|Any CPU = Debug|Any CPU
		Release|Any CPU = Release|Any CPU
	EndGlobalSection
	GlobalSection(ProjectConfigurationPlatforms) = postSolution
		{EC185197-D8D1-4B30-A1A7-A5AC73668AD1}.Debug|Any CPU.ActiveCfg = Debug|Any CPU
		{EC185197-D8D1-4B30-A1A7-A5AC73668AD1}.Debug|Any CPU.Build.0 = Debug|Any CPU
		{EC185197-D8D1-4B30-A1A7-A5AC73668AD1}.Release|Any CPU.ActiveCfg = Release|Any CPU
		{EC185197-D8D1-4B30-A1A7-A5AC73668AD1}.Release|Any CPU.Build.0 = Release|Any CPU
	EndGlobalSection
	GlobalSection(SolutionProperties) = preSolution
		HideSolutionNode = FALSE
	EndGlobalSection
	GlobalSection(ExtensibilityGlobals) = postSolution
		SolutionGuid = {6F0C1A06-294D-408D-92DF-AB9B94ACF7C8}
	EndGlobalSection
EndGlobal
